
Microsoft Visual Studio Solution File, Format Version 12.00
# Visual Studio 15
VisualStudioVersion = 15.0.26124.0
MinimumVisualStudioVersion = 15.0.26124.0
Project("{2150E333-8FDC-42A3-9474-1A3956D46DE8}") = "src", "src", "{EF946AB8-6FA4-4B75-80BC-20BBF18BFD82}"
EndProject
Project("{F2A71F9B-5D33-465A-A702-920D77279786}") = "DotNetDelice", "src\DotNetDelice\DotNetDelice.fsproj", "{2ED2DD01-2092-4271-A1DD-C26B45BE5C98}"
EndProject
Project("{F2A71F9B-5D33-465A-A702-920D77279786}") = "DotNetDelice.Licensing", "src\DotNetDelice.Licensing\DotNetDelice.Licensing.fsproj", "{22638CA2-4E72-4EC9-9DF1-57AAB2AB01E2}"
EndProject
Global
	GlobalSection(SolutionConfigurationPlatforms) = preSolution
		Debug|Any CPU = Debug|Any CPU
		Debug|x64 = Debug|x64
		Debug|x86 = Debug|x86
		Release|Any CPU = Release|Any CPU
		Release|x64 = Release|x64
		Release|x86 = Release|x86
	EndGlobalSection
	GlobalSection(SolutionProperties) = preSolution
		HideSolutionNode = FALSE
	EndGlobalSection
	GlobalSection(ProjectConfigurationPlatforms) = postSolution
		{2ED2DD01-2092-4271-A1DD-C26B45BE5C98}.Debug|Any CPU.ActiveCfg = Debug|Any CPU
		{2ED2DD01-2092-4271-A1DD-C26B45BE5C98}.Debug|Any CPU.Build.0 = Debug|Any CPU
		{2ED2DD01-2092-4271-A1DD-C26B45BE5C98}.Debug|x64.ActiveCfg = Debug|Any CPU
		{2ED2DD01-2092-4271-A1DD-C26B45BE5C98}.Debug|x64.Build.0 = Debug|Any CPU
		{2ED2DD01-2092-4271-A1DD-C26B45BE5C98}.Debug|x86.ActiveCfg = Debug|Any CPU
		{2ED2DD01-2092-4271-A1DD-C26B45BE5C98}.Debug|x86.Build.0 = Debug|Any CPU
		{2ED2DD01-2092-4271-A1DD-C26B45BE5C98}.Release|Any CPU.ActiveCfg = Release|Any CPU
		{2ED2DD01-2092-4271-A1DD-C26B45BE5C98}.Release|Any CPU.Build.0 = Release|Any CPU
		{2ED2DD01-2092-4271-A1DD-C26B45BE5C98}.Release|x64.ActiveCfg = Release|Any CPU
		{2ED2DD01-2092-4271-A1DD-C26B45BE5C98}.Release|x64.Build.0 = Release|Any CPU
		{2ED2DD01-2092-4271-A1DD-C26B45BE5C98}.Release|x86.ActiveCfg = Release|Any CPU
		{2ED2DD01-2092-4271-A1DD-C26B45BE5C98}.Release|x86.Build.0 = Release|Any CPU
		{22638CA2-4E72-4EC9-9DF1-57AAB2AB01E2}.Debug|Any CPU.ActiveCfg = Debug|Any CPU
		{22638CA2-4E72-4EC9-9DF1-57AAB2AB01E2}.Debug|Any CPU.Build.0 = Debug|Any CPU
		{22638CA2-4E72-4EC9-9DF1-57AAB2AB01E2}.Debug|x64.ActiveCfg = Debug|Any CPU
		{22638CA2-4E72-4EC9-9DF1-57AAB2AB01E2}.Debug|x64.Build.0 = Debug|Any CPU
		{22638CA2-4E72-4EC9-9DF1-57AAB2AB01E2}.Debug|x86.ActiveCfg = Debug|Any CPU
		{22638CA2-4E72-4EC9-9DF1-57AAB2AB01E2}.Debug|x86.Build.0 = Debug|Any CPU
		{22638CA2-4E72-4EC9-9DF1-57AAB2AB01E2}.Release|Any CPU.ActiveCfg = Release|Any CPU
		{22638CA2-4E72-4EC9-9DF1-57AAB2AB01E2}.Release|Any CPU.Build.0 = Release|Any CPU
		{22638CA2-4E72-4EC9-9DF1-57AAB2AB01E2}.Release|x64.ActiveCfg = Release|Any CPU
		{22638CA2-4E72-4EC9-9DF1-57AAB2AB01E2}.Release|x64.Build.0 = Release|Any CPU
		{22638CA2-4E72-4EC9-9DF1-57AAB2AB01E2}.Release|x86.ActiveCfg = Release|Any CPU
		{22638CA2-4E72-4EC9-9DF1-57AAB2AB01E2}.Release|x86.Build.0 = Release|Any CPU
	EndGlobalSection
	GlobalSection(NestedProjects) = preSolution
		{2ED2DD01-2092-4271-A1DD-C26B45BE5C98} = {EF946AB8-6FA4-4B75-80BC-20BBF18BFD82}
		{22638CA2-4E72-4EC9-9DF1-57AAB2AB01E2} = {EF946AB8-6FA4-4B75-80BC-20BBF18BFD82}
	EndGlobalSection
EndGlobal
